
Microsoft Visual Studio Solution File, Format Version 12.00
# Visual Studio Version 17
VisualStudioVersion = 17.3.32804.467
MinimumVisualStudioVersion = 10.0.40219.1
Project("{FAE04EC0-301F-11D3-BF4B-00C04F79EFBC}") = "FUND2", "FUND2\FUND2.csproj", "{742A549B-AAEB-4C37-AE6F-5294BF404F07}"
EndProject
Global
	GlobalSection(SolutionConfigurationPlatforms) = preSolution
		Debug|Any CPU = Debug|Any CPU
		Release|Any CPU = Release|Any CPU
	EndGlobalSection
	GlobalSection(ProjectConfigurationPlatforms) = postSolution
		{742A549B-AAEB-4C37-AE6F-5294BF404F07}.Debug|Any CPU.ActiveCfg = Debug|Any CPU
		{742A549B-AAEB-4C37-AE6F-5294BF404F07}.Debug|Any CPU.Build.0 = Debug|Any CPU
		{742A549B-AAEB-4C37-AE6F-5294BF404F07}.Release|Any CPU.ActiveCfg = Release|Any CPU
		{742A549B-AAEB-4C37-AE6F-5294BF404F07}.Release|Any CPU.Build.0 = Release|Any CPU
	EndGlobalSection
	GlobalSection(SolutionProperties) = preSolution
		HideSolutionNode = FALSE
	EndGlobalSection
	GlobalSection(ExtensibilityGlobals) = postSolution
		SolutionGuid = {A2C25B3F-9E93-42EE-AC56-78C37C410DB1}
	EndGlobalSection
EndGlobal
